
Microsoft Visual Studio Solution File, Format Version 12.00
# Visual Studio Version 17
VisualStudioVersion = 17.11.35327.3
MinimumVisualStudioVersion = 10.0.40219.1
Project("{FAE04EC0-301F-11D3-BF4B-00C04F79EFBC}") = "Virtual.Dars.Demo.Calc2", "Virtual.Dars.Demo.Calc2\Virtual.Dars.Demo.Calc2.csproj", "{BE780960-D83F-40C3-8398-EF39275DCE75}"
EndProject
Global
	GlobalSection(SolutionConfigurationPlatforms) = preSolution
		Debug|Any CPU = Debug|Any CPU
		Release|Any CPU = Release|Any CPU
	EndGlobalSection
	GlobalSection(ProjectConfigurationPlatforms) = postSolution
		{BE780960-D83F-40C3-8398-EF39275DCE75}.Debug|Any CPU.ActiveCfg = Debug|Any CPU
		{BE780960-D83F-40C3-8398-EF39275DCE75}.Debug|Any CPU.Build.0 = Debug|Any CPU
		{BE780960-D83F-40C3-8398-EF39275DCE75}.Release|Any CPU.ActiveCfg = Release|Any CPU
		{BE780960-D83F-40C3-8398-EF39275DCE75}.Release|Any CPU.Build.0 = Release|Any CPU
	EndGlobalSection
	GlobalSection(SolutionProperties) = preSolution
		HideSolutionNode = FALSE
	EndGlobalSection
	GlobalSection(ExtensibilityGlobals) = postSolution
		SolutionGuid = {16E764A3-B65D-4BF0-B473-1CA70589EA06}
	EndGlobalSection
EndGlobal
